// !$*UTF8*$!
{
	archiveVersion = 1;
	classes = {
	};
	objectVersion = 48;
	objects = {

/* Begin PBXBuildFile section */
		04A2836F1FB7609400033D0D /* AppDelegate.swift in Sources */ = {isa = PBXBuildFile; fileRef = 04A2836E1FB7609400033D0D /* AppDelegate.swift */; };
		04A283711FB7609400033D0D /* ViewController.swift in Sources */ = {isa = PBXBuildFile; fileRef = 04A283701FB7609400033D0D /* ViewController.swift */; };
		04A283741FB7609400033D0D /* Main.storyboard in Resources */ = {isa = PBXBuildFile; fileRef = 04A283721FB7609400033D0D /* Main.storyboard */; };
		04A283761FB7609400033D0D /* Assets.xcassets in Resources */ = {isa = PBXBuildFile; fileRef = 04A283751FB7609400033D0D /* Assets.xcassets */; };
		04A283791FB7609400033D0D /* LaunchScreen.storyboard in Resources */ = {isa = PBXBuildFile; fileRef = 04A283771FB7609400033D0D /* LaunchScreen.storyboard */; };
		04A283881FB7634900033D0D /* NotificationService.swift in Sources */ = {isa = PBXBuildFile; fileRef = 04A283871FB7634900033D0D /* NotificationService.swift */; };
		04A2838C1FB7634900033D0D /* NotificationServiceExtension.appex in Embed App Extensions */ = {isa = PBXBuildFile; fileRef = 04A283851FB7634900033D0D /* NotificationServiceExtension.appex */; settings = {ATTRIBUTES = (RemoveHeadersOnCopy, ); }; };
/* End PBXBuildFile section */

/* Begin PBXContainerItemProxy section */
		04A2838A1FB7634900033D0D /* PBXContainerItemProxy */ = {
			isa = PBXContainerItemProxy;
			containerPortal = 04A283631FB7609400033D0D /* Project object */;
			proxyType = 1;
			remoteGlobalIDString = 04A283841FB7634900033D0D;
			remoteInfo = NotificationServiceExtension;
		};
/* End PBXContainerItemProxy section */

/* Begin PBXCopyFilesBuildPhase section */
		04A283901FB7634900033D0D /* Embed App Extensions */ = {
			isa = PBXCopyFilesBuildPhase;
			buildActionMask = 2147483647;
			dstPath = "";
			dstSubfolderSpec = 13;
			files = (
				04A2838C1FB7634900033D0D /* NotificationServiceExtension.appex in Embed App Extensions */,
			);
			name = "Embed App Extensions";
			runOnlyForDeploymentPostprocessing = 0;
		};
/* End PBXCopyFilesBuildPhase section */

/* Begin PBXFileReference section */
		04A2836B1FB7609400033D0D /* EncyptedPushClient.app */ = {isa = PBXFileReference; explicitFileType = wrapper.application; includeInIndex = 0; path = EncyptedPushClient.app; sourceTree = BUILT_PRODUCTS_DIR; };
		04A2836E1FB7609400033D0D /* AppDelegate.swift */ = {isa = PBXFileReference; lastKnownFileType = sourcecode.swift; path = AppDelegate.swift; sourceTree = "<group>"; };
		04A283701FB7609400033D0D /* ViewController.swift */ = {isa = PBXFileReference; lastKnownFileType = sourcecode.swift; path = ViewController.swift; sourceTree = "<group>"; };
		04A283731FB7609400033D0D /* Base */ = {isa = PBXFileReference; lastKnownFileType = file.storyboard; name = Base; path = Base.lproj/Main.storyboard; sourceTree = "<group>"; };
		04A283751FB7609400033D0D /* Assets.xcassets */ = {isa = PBXFileReference; lastKnownFileType = folder.assetcatalog; path = Assets.xcassets; sourceTree = "<group>"; };
		04A283781FB7609400033D0D /* Base */ = {isa = PBXFileReference; lastKnownFileType = file.storyboard; name = Base; path = Base.lproj/LaunchScreen.storyboard; sourceTree = "<group>"; };
		04A2837A1FB7609400033D0D /* Info.plist */ = {isa = PBXFileReference; lastKnownFileType = text.plist.xml; path = Info.plist; sourceTree = "<group>"; };
		04A283801FB7632B00033D0D /* EncyptedPushTest.entitlements */ = {isa = PBXFileReference; lastKnownFileType = text.plist.entitlements; path = EncyptedPushTest.entitlements; sourceTree = "<group>"; };
		04A283851FB7634900033D0D /* NotificationServiceExtension.appex */ = {isa = PBXFileReference; explicitFileType = "wrapper.app-extension"; includeInIndex = 0; path = NotificationServiceExtension.appex; sourceTree = BUILT_PRODUCTS_DIR; };
		04A283871FB7634900033D0D /* NotificationService.swift */ = {isa = PBXFileReference; lastKnownFileType = sourcecode.swift; path = NotificationService.swift; sourceTree = "<group>"; };
		04A283891FB7634900033D0D /* Info.plist */ = {isa = PBXFileReference; lastKnownFileType = text.plist.xml; path = Info.plist; sourceTree = "<group>"; };
		04A283911FB7635000033D0D /* NotificationServiceExtension.entitlements */ = {isa = PBXFileReference; lastKnownFileType = text.plist.entitlements; path = NotificationServiceExtension.entitlements; sourceTree = "<group>"; };
/* End PBXFileReference section */

/* Begin PBXFrameworksBuildPhase section */
		04A283681FB7609400033D0D /* Frameworks */ = {
			isa = PBXFrameworksBuildPhase;
			buildActionMask = 2147483647;
			files = (
			);
			runOnlyForDeploymentPostprocessing = 0;
		};
		04A283821FB7634900033D0D /* Frameworks */ = {
			isa = PBXFrameworksBuildPhase;
			buildActionMask = 2147483647;
			files = (
			);
			runOnlyForDeploymentPostprocessing = 0;
		};
/* End PBXFrameworksBuildPhase section */

/* Begin PBXGroup section */
		04A283621FB7609400033D0D = {
			isa = PBXGroup;
			children = (
				04A2836D1FB7609400033D0D /* EncyptedPushClient */,
				04A283861FB7634900033D0D /* NotificationServiceExtension */,
				04A2836C1FB7609400033D0D /* Products */,
			);
			sourceTree = "<group>";
		};
		04A2836C1FB7609400033D0D /* Products */ = {
			isa = PBXGroup;
			children = (
				04A2836B1FB7609400033D0D /* EncyptedPushClient.app */,
				04A283851FB7634900033D0D /* NotificationServiceExtension.appex */,
			);
			name = Products;
			sourceTree = "<group>";
		};
		04A2836D1FB7609400033D0D /* EncyptedPushClient */ = {
			isa = PBXGroup;
			children = (
				04A283801FB7632B00033D0D /* EncyptedPushTest.entitlements */,
				04A2836E1FB7609400033D0D /* AppDelegate.swift */,
				04A283701FB7609400033D0D /* ViewController.swift */,
				04A283721FB7609400033D0D /* Main.storyboard */,
				04A283751FB7609400033D0D /* Assets.xcassets */,
				04A283771FB7609400033D0D /* LaunchScreen.storyboard */,
				04A2837A1FB7609400033D0D /* Info.plist */,
			);
			path = EncyptedPushClient;
			sourceTree = "<group>";
		};
		04A283861FB7634900033D0D /* NotificationServiceExtension */ = {
			isa = PBXGroup;
			children = (
				04A283911FB7635000033D0D /* NotificationServiceExtension.entitlements */,
				04A283871FB7634900033D0D /* NotificationService.swift */,
				04A283891FB7634900033D0D /* Info.plist */,
			);
			path = NotificationServiceExtension;
			sourceTree = "<group>";
		};
/* End PBXGroup section */

/* Begin PBXNativeTarget section */
		04A2836A1FB7609400033D0D /* EncyptedPushClient */ = {
			isa = PBXNativeTarget;
			buildConfigurationList = 04A2837D1FB7609400033D0D /* Build configuration list for PBXNativeTarget "EncyptedPushClient" */;
			buildPhases = (
				04A283671FB7609400033D0D /* Sources */,
				04A283681FB7609400033D0D /* Frameworks */,
				04A283691FB7609400033D0D /* Resources */,
				04A283901FB7634900033D0D /* Embed App Extensions */,
			);
			buildRules = (
			);
			dependencies = (
				04A2838B1FB7634900033D0D /* PBXTargetDependency */,
			);
			name = EncyptedPushClient;
			productName = EncyptedPushTest;
			productReference = 04A2836B1FB7609400033D0D /* EncyptedPushClient.app */;
			productType = "com.apple.product-type.application";
		};
		04A283841FB7634900033D0D /* NotificationServiceExtension */ = {
			isa = PBXNativeTarget;
			buildConfigurationList = 04A2838D1FB7634900033D0D /* Build configuration list for PBXNativeTarget "NotificationServiceExtension" */;
			buildPhases = (
				04A283811FB7634900033D0D /* Sources */,
				04A283821FB7634900033D0D /* Frameworks */,
				04A283831FB7634900033D0D /* Resources */,
			);
			buildRules = (
			);
			dependencies = (
			);
			name = NotificationServiceExtension;
			productName = NotificationServiceExtension;
			productReference = 04A283851FB7634900033D0D /* NotificationServiceExtension.appex */;
			productType = "com.apple.product-type.app-extension";
		};
/* End PBXNativeTarget section */

/* Begin PBXProject section */
		04A283631FB7609400033D0D /* Project object */ = {
			isa = PBXProject;
			attributes = {
				LastSwiftUpdateCheck = 0910;
				LastUpgradeCheck = 0910;
				ORGANIZATIONNAME = "Porter Hoskins";
				TargetAttributes = {
					04A2836A1FB7609400033D0D = {
						CreatedOnToolsVersion = 9.1;
						ProvisioningStyle = Automatic;
						SystemCapabilities = {
							com.apple.Keychain = {
								enabled = 1;
							};
						};
					};
					04A283841FB7634900033D0D = {
						CreatedOnToolsVersion = 9.1;
						ProvisioningStyle = Automatic;
						SystemCapabilities = {
							com.apple.Keychain = {
								enabled = 1;
							};
						};
					};
				};
			};
			buildConfigurationList = 04A283661FB7609400033D0D /* Build configuration list for PBXProject "EncyptedPushClient" */;
			compatibilityVersion = "Xcode 8.0";
			developmentRegion = en;
			hasScannedForEncodings = 0;
			knownRegions = (
				en,
				Base,
			);
			mainGroup = 04A283621FB7609400033D0D;
			productRefGroup = 04A2836C1FB7609400033D0D /* Products */;
			projectDirPath = "";
			projectRoot = "";
			targets = (
				04A2836A1FB7609400033D0D /* EncyptedPushClient */,
				04A283841FB7634900033D0D /* NotificationServiceExtension */,
			);
		};
/* End PBXProject section */

/* Begin PBXResourcesBuildPhase section */
		04A283691FB7609400033D0D /* Resources */ = {
			isa = PBXResourcesBuildPhase;
			buildActionMask = 2147483647;
			files = (
				04A283791FB7609400033D0D /* LaunchScreen.storyboard in Resources */,
				04A283761FB7609400033D0D /* Assets.xcassets in Resources */,
				04A283741FB7609400033D0D /* Main.storyboard in Resources */,
			);
			runOnlyForDeploymentPostprocessing = 0;
		};
		04A283831FB7634900033D0D /* Resources */ = {
			isa = PBXResourcesBuildPhase;
			buildActionMask = 2147483647;
			files = (
			);
			runOnlyForDeploymentPostprocessing = 0;
		};
/* End PBXResourcesBuildPhase section */

/* Begin PBXSourcesBuildPhase section */
		04A283671FB7609400033D0D /* Sources */ = {
			isa = PBXSourcesBuildPhase;
			buildActionMask = 2147483647;
			files = (
				04A283711FB7609400033D0D /* ViewController.swift in Sources */,
				04A2836F1FB7609400033D0D /* AppDelegate.swift in Sources */,
			);
			runOnlyForDeploymentPostprocessing = 0;
		};
		04A283811FB7634900033D0D /* Sources */ = {
			isa = PBXSourcesBuildPhase;
			buildActionMask = 2147483647;
			files = (
				04A283881FB7634900033D0D /* NotificationService.swift in Sources */,
			);
			runOnlyForDeploymentPostprocessing = 0;
		};
/* End PBXSourcesBuildPhase section */

/* Begin PBXTargetDependency section */
		04A2838B1FB7634900033D0D /* PBXTargetDependency */ = {
			isa = PBXTargetDependency;
			target = 04A283841FB7634900033D0D /* NotificationServiceExtension */;
			targetProxy = 04A2838A1FB7634900033D0D /* PBXContainerItemProxy */;
		};
/* End PBXTargetDependency section */

/* Begin PBXVariantGroup section */
		04A283721FB7609400033D0D /* Main.storyboard */ = {
			isa = PBXVariantGroup;
			children = (
				04A283731FB7609400033D0D /* Base */,
			);
			name = Main.storyboard;
			sourceTree = "<group>";
		};
		04A283771FB7609400033D0D /* LaunchScreen.storyboard */ = {
			isa = PBXVariantGroup;
			children = (
				04A283781FB7609400033D0D /* Base */,
			);
			name = LaunchScreen.storyboard;
			sourceTree = "<group>";
		};
/* End PBXVariantGroup section */

/* Begin XCBuildConfiguration section */
		04A2837B1FB7609400033D0D /* Debug */ = {
			isa = XCBuildConfiguration;
			buildSettings = {
				ALWAYS_SEARCH_USER_PATHS = NO;
				CLANG_ANALYZER_NONNULL = YES;
				CLANG_ANALYZER_NUMBER_OBJECT_CONVERSION = YES_AGGRESSIVE;
				CLANG_CXX_LANGUAGE_STANDARD = "gnu++14";
				CLANG_CXX_LIBRARY = "libc++";
				CLANG_ENABLE_MODULES = YES;
				CLANG_ENABLE_OBJC_ARC = YES;
				CLANG_WARN_BLOCK_CAPTURE_AUTORELEASING = YES;
				CLANG_WARN_BOOL_CONVERSION = YES;
				CLANG_WARN_COMMA = YES;
				CLANG_WARN_CONSTANT_CONVERSION = YES;
				CLANG_WARN_DIRECT_OBJC_ISA_USAGE = YES_ERROR;
				CLANG_WARN_DOCUMENTATION_COMMENTS = YES;
				CLANG_WARN_EMPTY_BODY = YES;
				CLANG_WARN_ENUM_CONVERSION = YES;
				CLANG_WARN_INFINITE_RECURSION = YES;
				CLANG_WARN_INT_CONVERSION = YES;
				CLANG_WARN_NON_LITERAL_NULL_CONVERSION = YES;
				CLANG_WARN_OBJC_LITERAL_CONVERSION = YES;
				CLANG_WARN_OBJC_ROOT_CLASS = YES_ERROR;
				CLANG_WARN_RANGE_LOOP_ANALYSIS = YES;
				CLANG_WARN_STRICT_PROTOTYPES = YES;
				CLANG_WARN_SUSPICIOUS_MOVE = YES;
				CLANG_WARN_UNGUARDED_AVAILABILITY = YES_AGGRESSIVE;
				CLANG_WARN_UNREACHABLE_CODE = YES;
				CLANG_WARN__DUPLICATE_METHOD_MATCH = YES;
				CODE_SIGN_IDENTITY = "iPhone Developer";
				COPY_PHASE_STRIP = NO;
				DEBUG_INFORMATION_FORMAT = dwarf;
				ENABLE_STRICT_OBJC_MSGSEND = YES;
				ENABLE_TESTABILITY = YES;
				GCC_C_LANGUAGE_STANDARD = gnu11;
				GCC_DYNAMIC_NO_PIC = NO;
				GCC_NO_COMMON_BLOCKS = YES;
				GCC_OPTIMIZATION_LEVEL = 0;
				GCC_PREPROCESSOR_DEFINITIONS = (
					"DEBUG=1",
					"$(inherited)",
				);
				GCC_WARN_64_TO_32_BIT_CONVERSION = YES;
				GCC_WARN_ABOUT_RETURN_TYPE = YES_ERROR;
				GCC_WARN_UNDECLARED_SELECTOR = YES;
				GCC_WARN_UNINITIALIZED_AUTOS = YES_AGGRESSIVE;
				GCC_WARN_UNUSED_FUNCTION = YES;
				GCC_WARN_UNUSED_VARIABLE = YES;
				IPHONEOS_DEPLOYMENT_TARGET = 11.1;
				MTL_ENABLE_DEBUG_INFO = YES;
				ONLY_ACTIVE_ARCH = YES;
				SDKROOT = iphoneos;
				SWIFT_ACTIVE_COMPILATION_CONDITIONS = DEBUG;
				SWIFT_OPTIMIZATION_LEVEL = "-Onone";
			};
			name = Debug;
		};
		04A2837C1FB7609400033D0D /* Release */ = {
			isa = XCBuildConfiguration;
			buildSettings = {
				ALWAYS_SEARCH_USER_PATHS = NO;
				CLANG_ANALYZER_NONNULL = YES;
				CLANG_ANALYZER_NUMBER_OBJECT_CONVERSION = YES_AGGRESSIVE;
				CLANG_CXX_LANGUAGE_STANDARD = "gnu++14";
				CLANG_CXX_LIBRARY = "libc++";
				CLANG_ENABLE_MODULES = YES;
				CLANG_ENABLE_OBJC_ARC = YES;
				CLANG_WARN_BLOCK_CAPTURE_AUTORELEASING = YES;
				CLANG_WARN_BOOL_CONVERSION = YES;
				CLANG_WARN_COMMA = YES;
				CLANG_WARN_CONSTANT_CONVERSION = YES;
				CLANG_WARN_DIRECT_OBJC_ISA_USAGE = YES_ERROR;
				CLANG_WARN_DOCUMENTATION_COMMENTS = YES;
				CLANG_WARN_EMPTY_BODY = YES;
				CLANG_WARN_ENUM_CONVERSION = YES;
				CLANG_WARN_INFINITE_RECURSION = YES;
				CLANG_WARN_INT_CONVERSION = YES;
				CLANG_WARN_NON_LITERAL_NULL_CONVERSION = YES;
				CLANG_WARN_OBJC_LITERAL_CONVERSION = YES;
				CLANG_WARN_OBJC_ROOT_CLASS = YES_ERROR;
				CLANG_WARN_RANGE_LOOP_ANALYSIS = YES;
				CLANG_WARN_STRICT_PROTOTYPES = YES;
				CLANG_WARN_SUSPICIOUS_MOVE = YES;
				CLANG_WARN_UNGUARDED_AVAILABILITY = YES_AGGRESSIVE;
				CLANG_WARN_UNREACHABLE_CODE = YES;
				CLANG_WARN__DUPLICATE_METHOD_MATCH = YES;
				CODE_SIGN_IDENTITY = "iPhone Developer";
				COPY_PHASE_STRIP = NO;
				DEBUG_INFORMATION_FORMAT = "dwarf-with-dsym";
				ENABLE_NS_ASSERTIONS = NO;
				ENABLE_STRICT_OBJC_MSGSEND = YES;
				GCC_C_LANGUAGE_STANDARD = gnu11;
				GCC_NO_COMMON_BLOCKS = YES;
				GCC_WARN_64_TO_32_BIT_CONVERSION = YES;
				GCC_WARN_ABOUT_RETURN_TYPE = YES_ERROR;
				GCC_WARN_UNDECLARED_SELECTOR = YES;
				GCC_WARN_UNINITIALIZED_AUTOS = YES_AGGRESSIVE;
				GCC_WARN_UNUSED_FUNCTION = YES;
				GCC_WARN_UNUSED_VARIABLE = YES;
				IPHONEOS_DEPLOYMENT_TARGET = 11.1;
				MTL_ENABLE_DEBUG_INFO = NO;
				SDKROOT = iphoneos;
				SWIFT_OPTIMIZATION_LEVEL = "-Owholemodule";
				VALIDATE_PRODUCT = YES;
			};
			name = Release;
		};
		04A2837E1FB7609400033D0D /* Debug */ = {
			isa = XCBuildConfiguration;
			buildSettings = {
				ALWAYS_EMBED_SWIFT_STANDARD_LIBRARIES = YES;
				ASSETCATALOG_COMPILER_APPICON_NAME = AppIcon;
				CODE_SIGN_ENTITLEMENTS = EncyptedPushClient/EncyptedPushTest.entitlements;
				CODE_SIGN_STYLE = Automatic;
				DEVELOPMENT_TEAM = 9WF89A89NX;
				INFOPLIST_FILE = "$(SRCROOT)/EncyptedPushClient/Info.plist";
				LD_RUNPATH_SEARCH_PATHS = "$(inherited) @executable_path/Frameworks";
				PRODUCT_BUNDLE_IDENTIFIER = com.porterhoskins.EncyptedPushTest;
				PRODUCT_NAME = "$(TARGET_NAME)";
				SWIFT_VERSION = 4.0;
				TARGETED_DEVICE_FAMILY = "1,2";
			};
			name = Debug;
		};
		04A2837F1FB7609400033D0D /* Release */ = {
			isa = XCBuildConfiguration;
			buildSettings = {
				ALWAYS_EMBED_SWIFT_STANDARD_LIBRARIES = YES;
				ASSETCATALOG_COMPILER_APPICON_NAME = AppIcon;
				CODE_SIGN_ENTITLEMENTS = EncyptedPushClient/EncyptedPushTest.entitlements;
				CODE_SIGN_STYLE = Automatic;
				DEVELOPMENT_TEAM = 9WF89A89NX;
				INFOPLIST_FILE = "$(SRCROOT)/EncyptedPushClient/Info.plist";
				LD_RUNPATH_SEARCH_PATHS = "$(inherited) @executable_path/Frameworks";
				PRODUCT_BUNDLE_IDENTIFIER = com.porterhoskins.EncyptedPushTest;
				PRODUCT_NAME = "$(TARGET_NAME)";
				SWIFT_VERSION = 4.0;
				TARGETED_DEVICE_FAMILY = "1,2";
			};
			name = Release;
		};
		04A2838E1FB7634900033D0D /* Debug */ = {
			isa = XCBuildConfiguration;
			buildSettings = {
				CODE_SIGN_ENTITLEMENTS = NotificationServiceExtension/NotificationServiceExtension.entitlements;
				CODE_SIGN_STYLE = Automatic;
				DEVELOPMENT_TEAM = 9WF89A89NX;
				INFOPLIST_FILE = NotificationServiceExtension/Info.plist;
				LD_RUNPATH_SEARCH_PATHS = "$(inherited) @executable_path/Frameworks @executable_path/../../Frameworks";
				PRODUCT_BUNDLE_IDENTIFIER = com.porterhoskins.EncyptedPushTest.NotificationServiceExtension;
				PRODUCT_NAME = "$(TARGET_NAME)";
				SKIP_INSTALL = YES;
				SWIFT_VERSION = 4.0;
				TARGETED_DEVICE_FAMILY = "1,2";
			};
			name = Debug;
		};
		04A2838F1FB7634900033D0D /* Release */ = {
			isa = XCBuildConfiguration;
			buildSettings = {
				CODE_SIGN_ENTITLEMENTS = NotificationServiceExtension/NotificationServiceExtension.entitlements;
				CODE_SIGN_STYLE = Automatic;
				DEVELOPMENT_TEAM = 9WF89A89NX;
				INFOPLIST_FILE = NotificationServiceExtension/Info.plist;
				LD_RUNPATH_SEARCH_PATHS = "$(inherited) @executable_path/Frameworks @executable_path/../../Frameworks";
				PRODUCT_BUNDLE_IDENTIFIER = com.porterhoskins.EncyptedPushTest.NotificationServiceExtension;
				PRODUCT_NAME = "$(TARGET_NAME)";
				SKIP_INSTALL = YES;
				SWIFT_VERSION = 4.0;
				TARGETED_DEVICE_FAMILY = "1,2";
			};
			name = Release;
		};
/* End XCBuildConfiguration section */

/* Begin XCConfigurationList section */
		04A283661FB7609400033D0D /* Build configuration list for PBXProject "EncyptedPushClient" */ = {
			isa = XCConfigurationList;
			buildConfigurations = (
				04A2837B1FB7609400033D0D /* Debug */,
				04A2837C1FB7609400033D0D /* Release */,
			);
			defaultConfigurationIsVisible = 0;
			defaultConfigurationName = Release;
		};
		04A2837D1FB7609400033D0D /* Build configuration list for PBXNativeTarget "EncyptedPushClient" */ = {
			isa = XCConfigurationList;
			buildConfigurations = (
				04A2837E1FB7609400033D0D /* Debug */,
				04A2837F1FB7609400033D0D /* Release */,
			);
			defaultConfigurationIsVisible = 0;
			defaultConfigurationName = Release;
		};
		04A2838D1FB7634900033D0D /* Build configuration list for PBXNativeTarget "NotificationServiceExtension" */ = {
			isa = XCConfigurationList;
			buildConfigurations = (
				04A2838E1FB7634900033D0D /* Debug */,
				04A2838F1FB7634900033D0D /* Release */,
			);
			defaultConfigurationIsVisible = 0;
			defaultConfigurationName = Release;
		};
/* End XCConfigurationList section */
	};
	rootObject = 04A283631FB7609400033D0D /* Project object */;
}
